
Microsoft Visual Studio Solution File, Format Version 12.00
# Visual Studio Version 17
VisualStudioVersion = 17.6.33712.159
MinimumVisualStudioVersion = 10.0.40219.1
Project("{FAE04EC0-301F-11D3-BF4B-00C04F79EFBC}") = "ConsoleApp1", "ConsoleApp1\ConsoleApp1.csproj", "{3DF16478-F6DB-4B63-B66D-FBC831F7B8E9}"
EndProject
Project("{FAE04EC0-301F-11D3-BF4B-00C04F79EFBC}") = "ClassLibrary1", "ClassLibrary1\ClassLibrary1.csproj", "{C5733016-5F46-4F09-B5AA-06E65AD187BD}"
EndProject
Global
	GlobalSection(SolutionConfigurationPlatforms) = preSolution
		Debug|Any CPU = Debug|Any CPU
		Debug|x64 = Debug|x64
		Debug|x86 = Debug|x86
		Release|Any CPU = Release|Any CPU
		Release|x64 = Release|x64
		Release|x86 = Release|x86
	EndGlobalSection
	GlobalSection(ProjectConfigurationPlatforms) = postSolution
		{3DF16478-F6DB-4B63-B66D-FBC831F7B8E9}.Debug|Any CPU.ActiveCfg = Debug|Any CPU
		{3DF16478-F6DB-4B63-B66D-FBC831F7B8E9}.Debug|Any CPU.Build.0 = Debug|Any CPU
		{3DF16478-F6DB-4B63-B66D-FBC831F7B8E9}.Debug|x64.ActiveCfg = Debug|Any CPU
		{3DF16478-F6DB-4B63-B66D-FBC831F7B8E9}.Debug|x64.Build.0 = Debug|Any CPU
		{3DF16478-F6DB-4B63-B66D-FBC831F7B8E9}.Debug|x86.ActiveCfg = Debug|Any CPU
		{3DF16478-F6DB-4B63-B66D-FBC831F7B8E9}.Debug|x86.Build.0 = Debug|Any CPU
		{3DF16478-F6DB-4B63-B66D-FBC831F7B8E9}.Release|Any CPU.ActiveCfg = Release|Any CPU
		{3DF16478-F6DB-4B63-B66D-FBC831F7B8E9}.Release|Any CPU.Build.0 = Release|Any CPU
		{3DF16478-F6DB-4B63-B66D-FBC831F7B8E9}.Release|x64.ActiveCfg = Release|Any CPU
		{3DF16478-F6DB-4B63-B66D-FBC831F7B8E9}.Release|x64.Build.0 = Release|Any CPU
		{3DF16478-F6DB-4B63-B66D-FBC831F7B8E9}.Release|x86.ActiveCfg = Release|Any CPU
		{3DF16478-F6DB-4B63-B66D-FBC831F7B8E9}.Release|x86.Build.0 = Release|Any CPU
		{C5733016-5F46-4F09-B5AA-06E65AD187BD}.Debug|Any CPU.ActiveCfg = Debug|Any CPU
		{C5733016-5F46-4F09-B5AA-06E65AD187BD}.Debug|Any CPU.Build.0 = Debug|Any CPU
		{C5733016-5F46-4F09-B5AA-06E65AD187BD}.Debug|x64.ActiveCfg = Debug|Any CPU
		{C5733016-5F46-4F09-B5AA-06E65AD187BD}.Debug|x64.Build.0 = Debug|Any CPU
		{C5733016-5F46-4F09-B5AA-06E65AD187BD}.Debug|x86.ActiveCfg = Debug|Any CPU
		{C5733016-5F46-4F09-B5AA-06E65AD187BD}.Debug|x86.Build.0 = Debug|Any CPU
		{C5733016-5F46-4F09-B5AA-06E65AD187BD}.Release|Any CPU.ActiveCfg = Release|Any CPU
		{C5733016-5F46-4F09-B5AA-06E65AD187BD}.Release|Any CPU.Build.0 = Release|Any CPU
		{C5733016-5F46-4F09-B5AA-06E65AD187BD}.Release|x64.ActiveCfg = Release|Any CPU
		{C5733016-5F46-4F09-B5AA-06E65AD187BD}.Release|x64.Build.0 = Release|Any CPU
		{C5733016-5F46-4F09-B5AA-06E65AD187BD}.Release|x86.ActiveCfg = Release|Any CPU
		{C5733016-5F46-4F09-B5AA-06E65AD187BD}.Release|x86.Build.0 = Release|Any CPU
	EndGlobalSection
	GlobalSection(SolutionProperties) = preSolution
		HideSolutionNode = FALSE
	EndGlobalSection
	GlobalSection(ExtensibilityGlobals) = postSolution
		SolutionGuid = {407A44E5-0D58-40D8-956B-B7E2B8B23BD7}
	EndGlobalSection
EndGlobal
